<Solution>
  <Folder Name="/Services/" />
  <Folder Name="/Services/Cart/">
    <Project Path="src/services/Cart/YellowCola.Cart.Api/YellowCola.Cart.Api.csproj" />
    <Project Path="src/services/Cart/YellowCola.Cart.Application/YellowCola.Cart.Application.csproj" />
    <Project Path="src/services/Cart/YellowCola.Cart.Domain/YellowCola.Cart.Domain.csproj" />
    <Project Path="src/services/Cart/YellowCola.Cart.Infrastructure/YellowCola.Cart.Infrastructure.csproj" />
  </Folder>
  <Folder Name="/Services/Catalog/">
    <Project Path="src/services/Catalog/YellowCola.Catalog.Api/YellowCola.Catalog.Api.csproj" />
    <Project Path="src/services/Catalog/YellowCola.Catalog.Application/YellowCola.Catalog.Application.csproj" />
    <Project Path="src/services/Catalog/YellowCola.Catalog.Domain/YellowCola.Catalog.Domain.csproj" />
    <Project Path="src/services/Catalog/YellowCola.Catalog.Infrastructure/YellowCola.Catalog.Infrastructure.csproj" />
  </Folder>
  <Folder Name="/Services/Customer/">
    <Project Path="src/services/Customer/YellowCola.Customer.Api/YellowCola.Customer.Api.csproj" />
    <Project Path="src/services/Customer/YellowCola.Customer.Application/YellowCola.Customer.Application.csproj" />
    <Project Path="src/services/Customer/YellowCola.Customer.Domain/YellowCola.Customer.Domain.csproj" />
    <Project Path="src/services/Customer/YellowCola.Customer.Infrastructure/YellowCola.Customer.Infrastructure.csproj" />
  </Folder>
  <Folder Name="/Services/Inventory/">
    <Project Path="src/services/Inventory/YellowCola.Inventory.Api/YellowCola.Inventory.Api.csproj" />
    <Project Path="src/services/Inventory/YellowCola.Inventory.Application/YellowCola.Inventory.Application.csproj" />
    <Project Path="src/services/Inventory/YellowCola.Inventory.Domain/YellowCola.Inventory.Domain.csproj" />
    <Project Path="src/services/Inventory/YellowCola.Inventory.Infrastructure/YellowCola.Inventory.Infrastructure.csproj" />
  </Folder>
  <Folder Name="/Tests/" />
  <Folder Name="/Tests/Cart/">
    <Project Path="tests/Cart/YellowCola.Cart.IntegrationTests/YellowCola.Cart.IntegrationTests.csproj" />
    <Project Path="tests/Cart/YellowCola.Cart.UnitTests/YellowCola.Cart.UnitTests.csproj" />
  </Folder>
  <Folder Name="/Tests/Catalog/">
    <Project Path="tests/Catalog/YellowCola.Catalog.IntegrationTests/YellowCola.Catalog.IntegrationTests.csproj" />
    <Project Path="tests/Catalog/YellowCola.Catalog.UnitTests/YellowCola.Catalog.UnitTests.csproj" />
  </Folder>
  <Folder Name="/Tests/Customer/">
    <Project Path="tests/Customer/YellowCola.Customer.IntegrationTests/YellowCola.Customer.IntegrationTests.csproj" />
    <Project Path="tests/Customer/YellowCola.Customer.UnitTests/YellowCola.Customer.UnitTests.csproj" />
  </Folder>
  <Folder Name="/Tests/Inventory/">
    <Project Path="tests/Inventory/YellowCola.Inventory.IntegrationTests/YellowCola.Inventory.IntegrationTests.csproj" />
    <Project Path="tests/Inventory/YellowCola.Inventory.UnitTests/YellowCola.Inventory.UnitTests.csproj" />
  </Folder>
</Solution>
